
Microsoft Visual Studio Solution File, Format Version 12.00
# Visual Studio 15
VisualStudioVersion = 15.0.28307.779
MinimumVisualStudioVersion = 10.0.40219.1
Project("{8BC9CEB8-8B4A-11D0-8D11-00A0C91BC942}") = "OpenGL", "OpenGL\OpenGL.vcxproj", "{6A3E2108-6AB2-4509-A4A3-37CEC0AB71FB}"
EndProject
Global
	GlobalSection(SolutionConfigurationPlatforms) = preSolution
		Debug|x64 = Debug|x64
		Debug|x86 = Debug|x86
		Release|x64 = Release|x64
		Release|x86 = Release|x86
	EndGlobalSection
	GlobalSection(ProjectConfigurationPlatforms) = postSolution
		{6A3E2108-6AB2-4509-A4A3-37CEC0AB71FB}.Debug|x64.ActiveCfg = Debug|x64
		{6A3E2108-6AB2-4509-A4A3-37CEC0AB71FB}.Debug|x64.Build.0 = Debug|x64
		{6A3E2108-6AB2-4509-A4A3-37CEC0AB71FB}.Debug|x86.ActiveCfg = Debug|Win32
		{6A3E2108-6AB2-4509-A4A3-37CEC0AB71FB}.Debug|x86.Build.0 = Debug|Win32
		{6A3E2108-6AB2-4509-A4A3-37CEC0AB71FB}.Release|x64.ActiveCfg = Release|x64
		{6A3E2108-6AB2-4509-A4A3-37CEC0AB71FB}.Release|x64.Build.0 = Release|x64
		{6A3E2108-6AB2-4509-A4A3-37CEC0AB71FB}.Release|x86.ActiveCfg = Release|Win32
		{6A3E2108-6AB2-4509-A4A3-37CEC0AB71FB}.Release|x86.Build.0 = Release|Win32
	EndGlobalSection
	GlobalSection(SolutionProperties) = preSolution
		HideSolutionNode = FALSE
	EndGlobalSection
	GlobalSection(ExtensibilityGlobals) = postSolution
		SolutionGuid = {9EC26889-C9BB-48B4-A40C-944C5DB167DF}
	EndGlobalSection
EndGlobal
